
Microsoft Visual Studio Solution File, Format Version 12.00
# Visual Studio Version 16
VisualStudioVersion = 16.0.30011.22
MinimumVisualStudioVersion = 10.0.40219.1
Project("{FAE04EC0-301F-11D3-BF4B-00C04F79EFBC}") = "Курсовая_АСОИР191_Ткачёв_С.А", "Курсовая_АСОИР191_Ткачёв_С.А.csproj", "{80E3FCC0-2A10-4211-A7B5-B7EA967180BE}"
EndProject
Global
	GlobalSection(SolutionConfigurationPlatforms) = preSolution
		Debug|Any CPU = Debug|Any CPU
		Release|Any CPU = Release|Any CPU
	EndGlobalSection
	GlobalSection(ProjectConfigurationPlatforms) = postSolution
		{80E3FCC0-2A10-4211-A7B5-B7EA967180BE}.Debug|Any CPU.ActiveCfg = Debug|Any CPU
		{80E3FCC0-2A10-4211-A7B5-B7EA967180BE}.Debug|Any CPU.Build.0 = Debug|Any CPU
		{80E3FCC0-2A10-4211-A7B5-B7EA967180BE}.Release|Any CPU.ActiveCfg = Release|Any CPU
		{80E3FCC0-2A10-4211-A7B5-B7EA967180BE}.Release|Any CPU.Build.0 = Release|Any CPU
	EndGlobalSection
	GlobalSection(SolutionProperties) = preSolution
		HideSolutionNode = FALSE
	EndGlobalSection
	GlobalSection(ExtensibilityGlobals) = postSolution
		SolutionGuid = {ABDD1E20-9767-4CF1-A6BB-74FF290E86F5}
	EndGlobalSection
EndGlobal
